// !$*UTF8*$!
{
	archiveVersion = 1;
	classes = {
	};
	objectVersion = 50;
	objects = {

/* Begin PBXBuildFile section */
		8418B79D23DC5D2D0047DAE2 /* AppDelegate.swift in Sources */ = {isa = PBXBuildFile; fileRef = 8418B79C23DC5D2D0047DAE2 /* AppDelegate.swift */; };
		8418B79F23DC5D2D0047DAE2 /* SceneDelegate.swift in Sources */ = {isa = PBXBuildFile; fileRef = 8418B79E23DC5D2D0047DAE2 /* SceneDelegate.swift */; };
		8418B7A123DC5D2D0047DAE2 /* ViewController.swift in Sources */ = {isa = PBXBuildFile; fileRef = 8418B7A023DC5D2D0047DAE2 /* ViewController.swift */; };
		8418B7A423DC5D2D0047DAE2 /* Main.storyboard in Resources */ = {isa = PBXBuildFile; fileRef = 8418B7A223DC5D2D0047DAE2 /* Main.storyboard */; };
		8418B7A623DC5D2E0047DAE2 /* Assets.xcassets in Resources */ = {isa = PBXBuildFile; fileRef = 8418B7A523DC5D2E0047DAE2 /* Assets.xcassets */; };
		8418B7A923DC5D2E0047DAE2 /* LaunchScreen.storyboard in Resources */ = {isa = PBXBuildFile; fileRef = 8418B7A723DC5D2E0047DAE2 /* LaunchScreen.storyboard */; };
		8418B7B423DC5D2E0047DAE2 /* TopArtistasJSONTests.swift in Sources */ = {isa = PBXBuildFile; fileRef = 8418B7B323DC5D2E0047DAE2 /* TopArtistasJSONTests.swift */; };
		8418B7BF23DC5D2E0047DAE2 /* TopArtistasJSONUITests.swift in Sources */ = {isa = PBXBuildFile; fileRef = 8418B7BE23DC5D2E0047DAE2 /* TopArtistasJSONUITests.swift */; };
		8418B7CD23DC63BE0047DAE2 /* MiCelda.swift in Sources */ = {isa = PBXBuildFile; fileRef = 8418B7CC23DC63BE0047DAE2 /* MiCelda.swift */; };
		8418B7CF23DC66E90047DAE2 /* Result.swift in Sources */ = {isa = PBXBuildFile; fileRef = 8418B7CE23DC66E90047DAE2 /* Result.swift */; };
/* End PBXBuildFile section */

/* Begin PBXContainerItemProxy section */
		8418B7B023DC5D2E0047DAE2 /* PBXContainerItemProxy */ = {
			isa = PBXContainerItemProxy;
			containerPortal = 8418B79123DC5D2D0047DAE2 /* Project object */;
			proxyType = 1;
			remoteGlobalIDString = 8418B79823DC5D2D0047DAE2;
			remoteInfo = TopArtistasJSON;
		};
		8418B7BB23DC5D2E0047DAE2 /* PBXContainerItemProxy */ = {
			isa = PBXContainerItemProxy;
			containerPortal = 8418B79123DC5D2D0047DAE2 /* Project object */;
			proxyType = 1;
			remoteGlobalIDString = 8418B79823DC5D2D0047DAE2;
			remoteInfo = TopArtistasJSON;
		};
/* End PBXContainerItemProxy section */

/* Begin PBXFileReference section */
		8418B79923DC5D2D0047DAE2 /* TopArtistasJSON.app */ = {isa = PBXFileReference; explicitFileType = wrapper.application; includeInIndex = 0; path = TopArtistasJSON.app; sourceTree = BUILT_PRODUCTS_DIR; };
		8418B79C23DC5D2D0047DAE2 /* AppDelegate.swift */ = {isa = PBXFileReference; lastKnownFileType = sourcecode.swift; path = AppDelegate.swift; sourceTree = "<group>"; };
		8418B79E23DC5D2D0047DAE2 /* SceneDelegate.swift */ = {isa = PBXFileReference; lastKnownFileType = sourcecode.swift; path = SceneDelegate.swift; sourceTree = "<group>"; };
		8418B7A023DC5D2D0047DAE2 /* ViewController.swift */ = {isa = PBXFileReference; lastKnownFileType = sourcecode.swift; path = ViewController.swift; sourceTree = "<group>"; };
		8418B7A323DC5D2D0047DAE2 /* Base */ = {isa = PBXFileReference; lastKnownFileType = file.storyboard; name = Base; path = Base.lproj/Main.storyboard; sourceTree = "<group>"; };
		8418B7A523DC5D2E0047DAE2 /* Assets.xcassets */ = {isa = PBXFileReference; lastKnownFileType = folder.assetcatalog; path = Assets.xcassets; sourceTree = "<group>"; };
		8418B7A823DC5D2E0047DAE2 /* Base */ = {isa = PBXFileReference; lastKnownFileType = file.storyboard; name = Base; path = Base.lproj/LaunchScreen.storyboard; sourceTree = "<group>"; };
		8418B7AA23DC5D2E0047DAE2 /* Info.plist */ = {isa = PBXFileReference; lastKnownFileType = text.plist.xml; path = Info.plist; sourceTree = "<group>"; };
		8418B7AF23DC5D2E0047DAE2 /* TopArtistasJSONTests.xctest */ = {isa = PBXFileReference; explicitFileType = wrapper.cfbundle; includeInIndex = 0; path = TopArtistasJSONTests.xctest; sourceTree = BUILT_PRODUCTS_DIR; };
		8418B7B323DC5D2E0047DAE2 /* TopArtistasJSONTests.swift */ = {isa = PBXFileReference; lastKnownFileType = sourcecode.swift; path = TopArtistasJSONTests.swift; sourceTree = "<group>"; };
		8418B7B523DC5D2E0047DAE2 /* Info.plist */ = {isa = PBXFileReference; lastKnownFileType = text.plist.xml; path = Info.plist; sourceTree = "<group>"; };
		8418B7BA23DC5D2E0047DAE2 /* TopArtistasJSONUITests.xctest */ = {isa = PBXFileReference; explicitFileType = wrapper.cfbundle; includeInIndex = 0; path = TopArtistasJSONUITests.xctest; sourceTree = BUILT_PRODUCTS_DIR; };
		8418B7BE23DC5D2E0047DAE2 /* TopArtistasJSONUITests.swift */ = {isa = PBXFileReference; lastKnownFileType = sourcecode.swift; path = TopArtistasJSONUITests.swift; sourceTree = "<group>"; };
		8418B7C023DC5D2E0047DAE2 /* Info.plist */ = {isa = PBXFileReference; lastKnownFileType = text.plist.xml; path = Info.plist; sourceTree = "<group>"; };
		8418B7CC23DC63BE0047DAE2 /* MiCelda.swift */ = {isa = PBXFileReference; lastKnownFileType = sourcecode.swift; path = MiCelda.swift; sourceTree = "<group>"; };
		8418B7CE23DC66E90047DAE2 /* Result.swift */ = {isa = PBXFileReference; lastKnownFileType = sourcecode.swift; path = Result.swift; sourceTree = "<group>"; };
/* End PBXFileReference section */

/* Begin PBXFrameworksBuildPhase section */
		8418B79623DC5D2D0047DAE2 /* Frameworks */ = {
			isa = PBXFrameworksBuildPhase;
			buildActionMask = 2147483647;
			files = (
			);
			runOnlyForDeploymentPostprocessing = 0;
		};
		8418B7AC23DC5D2E0047DAE2 /* Frameworks */ = {
			isa = PBXFrameworksBuildPhase;
			buildActionMask = 2147483647;
			files = (
			);
			runOnlyForDeploymentPostprocessing = 0;
		};
		8418B7B723DC5D2E0047DAE2 /* Frameworks */ = {
			isa = PBXFrameworksBuildPhase;
			buildActionMask = 2147483647;
			files = (
			);
			runOnlyForDeploymentPostprocessing = 0;
		};
/* End PBXFrameworksBuildPhase section */

/* Begin PBXGroup section */
		8418B79023DC5D2D0047DAE2 = {
			isa = PBXGroup;
			children = (
				8418B79B23DC5D2D0047DAE2 /* TopArtistasJSON */,
				8418B7B223DC5D2E0047DAE2 /* TopArtistasJSONTests */,
				8418B7BD23DC5D2E0047DAE2 /* TopArtistasJSONUITests */,
				8418B79A23DC5D2D0047DAE2 /* Products */,
			);
			sourceTree = "<group>";
		};
		8418B79A23DC5D2D0047DAE2 /* Products */ = {
			isa = PBXGroup;
			children = (
				8418B79923DC5D2D0047DAE2 /* TopArtistasJSON.app */,
				8418B7AF23DC5D2E0047DAE2 /* TopArtistasJSONTests.xctest */,
				8418B7BA23DC5D2E0047DAE2 /* TopArtistasJSONUITests.xctest */,
			);
			name = Products;
			sourceTree = "<group>";
		};
		8418B79B23DC5D2D0047DAE2 /* TopArtistasJSON */ = {
			isa = PBXGroup;
			children = (
				8418B79C23DC5D2D0047DAE2 /* AppDelegate.swift */,
				8418B79E23DC5D2D0047DAE2 /* SceneDelegate.swift */,
				8418B7A023DC5D2D0047DAE2 /* ViewController.swift */,
				8418B7A223DC5D2D0047DAE2 /* Main.storyboard */,
				8418B7A523DC5D2E0047DAE2 /* Assets.xcassets */,
				8418B7A723DC5D2E0047DAE2 /* LaunchScreen.storyboard */,
				8418B7AA23DC5D2E0047DAE2 /* Info.plist */,
				8418B7CC23DC63BE0047DAE2 /* MiCelda.swift */,
				8418B7CE23DC66E90047DAE2 /* Result.swift */,
			);
			path = TopArtistasJSON;
			sourceTree = "<group>";
		};
		8418B7B223DC5D2E0047DAE2 /* TopArtistasJSONTests */ = {
			isa = PBXGroup;
			children = (
				8418B7B323DC5D2E0047DAE2 /* TopArtistasJSONTests.swift */,
				8418B7B523DC5D2E0047DAE2 /* Info.plist */,
			);
			path = TopArtistasJSONTests;
			sourceTree = "<group>";
		};
		8418B7BD23DC5D2E0047DAE2 /* TopArtistasJSONUITests */ = {
			isa = PBXGroup;
			children = (
				8418B7BE23DC5D2E0047DAE2 /* TopArtistasJSONUITests.swift */,
				8418B7C023DC5D2E0047DAE2 /* Info.plist */,
			);
			path = TopArtistasJSONUITests;
			sourceTree = "<group>";
		};
/* End PBXGroup section */

/* Begin PBXNativeTarget section */
		8418B79823DC5D2D0047DAE2 /* TopArtistasJSON */ = {
			isa = PBXNativeTarget;
			buildConfigurationList = 8418B7C323DC5D2E0047DAE2 /* Build configuration list for PBXNativeTarget "TopArtistasJSON" */;
			buildPhases = (
				8418B79523DC5D2D0047DAE2 /* Sources */,
				8418B79623DC5D2D0047DAE2 /* Frameworks */,
				8418B79723DC5D2D0047DAE2 /* Resources */,
			);
			buildRules = (
			);
			dependencies = (
			);
			name = TopArtistasJSON;
			productName = TopArtistasJSON;
			productReference = 8418B79923DC5D2D0047DAE2 /* TopArtistasJSON.app */;
			productType = "com.apple.product-type.application";
		};
		8418B7AE23DC5D2E0047DAE2 /* TopArtistasJSONTests */ = {
			isa = PBXNativeTarget;
			buildConfigurationList = 8418B7C623DC5D2E0047DAE2 /* Build configuration list for PBXNativeTarget "TopArtistasJSONTests" */;
			buildPhases = (
				8418B7AB23DC5D2E0047DAE2 /* Sources */,
				8418B7AC23DC5D2E0047DAE2 /* Frameworks */,
				8418B7AD23DC5D2E0047DAE2 /* Resources */,
			);
			buildRules = (
			);
			dependencies = (
				8418B7B123DC5D2E0047DAE2 /* PBXTargetDependency */,
			);
			name = TopArtistasJSONTests;
			productName = TopArtistasJSONTests;
			productReference = 8418B7AF23DC5D2E0047DAE2 /* TopArtistasJSONTests.xctest */;
			productType = "com.apple.product-type.bundle.unit-test";
		};
		8418B7B923DC5D2E0047DAE2 /* TopArtistasJSONUITests */ = {
			isa = PBXNativeTarget;
			buildConfigurationList = 8418B7C923DC5D2E0047DAE2 /* Build configuration list for PBXNativeTarget "TopArtistasJSONUITests" */;
			buildPhases = (
				8418B7B623DC5D2E0047DAE2 /* Sources */,
				8418B7B723DC5D2E0047DAE2 /* Frameworks */,
				8418B7B823DC5D2E0047DAE2 /* Resources */,
			);
			buildRules = (
			);
			dependencies = (
				8418B7BC23DC5D2E0047DAE2 /* PBXTargetDependency */,
			);
			name = TopArtistasJSONUITests;
			productName = TopArtistasJSONUITests;
			productReference = 8418B7BA23DC5D2E0047DAE2 /* TopArtistasJSONUITests.xctest */;
			productType = "com.apple.product-type.bundle.ui-testing";
		};
/* End PBXNativeTarget section */

/* Begin PBXProject section */
		8418B79123DC5D2D0047DAE2 /* Project object */ = {
			isa = PBXProject;
			attributes = {
				LastSwiftUpdateCheck = 1120;
				LastUpgradeCheck = 1120;
				ORGANIZATIONNAME = net.azarquiel;
				TargetAttributes = {
					8418B79823DC5D2D0047DAE2 = {
						CreatedOnToolsVersion = 11.2.1;
					};
					8418B7AE23DC5D2E0047DAE2 = {
						CreatedOnToolsVersion = 11.2.1;
						TestTargetID = 8418B79823DC5D2D0047DAE2;
					};
					8418B7B923DC5D2E0047DAE2 = {
						CreatedOnToolsVersion = 11.2.1;
						TestTargetID = 8418B79823DC5D2D0047DAE2;
					};
				};
			};
			buildConfigurationList = 8418B79423DC5D2D0047DAE2 /* Build configuration list for PBXProject "TopArtistasJSON" */;
			compatibilityVersion = "Xcode 9.3";
			developmentRegion = en;
			hasScannedForEncodings = 0;
			knownRegions = (
				en,
				Base,
			);
			mainGroup = 8418B79023DC5D2D0047DAE2;
			productRefGroup = 8418B79A23DC5D2D0047DAE2 /* Products */;
			projectDirPath = "";
			projectRoot = "";
			targets = (
				8418B79823DC5D2D0047DAE2 /* TopArtistasJSON */,
				8418B7AE23DC5D2E0047DAE2 /* TopArtistasJSONTests */,
				8418B7B923DC5D2E0047DAE2 /* TopArtistasJSONUITests */,
			);
		};
/* End PBXProject section */

/* Begin PBXResourcesBuildPhase section */
		8418B79723DC5D2D0047DAE2 /* Resources */ = {
			isa = PBXResourcesBuildPhase;
			buildActionMask = 2147483647;
			files = (
				8418B7A923DC5D2E0047DAE2 /* LaunchScreen.storyboard in Resources */,
				8418B7A623DC5D2E0047DAE2 /* Assets.xcassets in Resources */,
				8418B7A423DC5D2D0047DAE2 /* Main.storyboard in Resources */,
			);
			runOnlyForDeploymentPostprocessing = 0;
		};
		8418B7AD23DC5D2E0047DAE2 /* Resources */ = {
			isa = PBXResourcesBuildPhase;
			buildActionMask = 2147483647;
			files = (
			);
			runOnlyForDeploymentPostprocessing = 0;
		};
		8418B7B823DC5D2E0047DAE2 /* Resources */ = {
			isa = PBXResourcesBuildPhase;
			buildActionMask = 2147483647;
			files = (
			);
			runOnlyForDeploymentPostprocessing = 0;
		};
/* End PBXResourcesBuildPhase section */

/* Begin PBXSourcesBuildPhase section */
		8418B79523DC5D2D0047DAE2 /* Sources */ = {
			isa = PBXSourcesBuildPhase;
			buildActionMask = 2147483647;
			files = (
				8418B7A123DC5D2D0047DAE2 /* ViewController.swift in Sources */,
				8418B7CF23DC66E90047DAE2 /* Result.swift in Sources */,
				8418B79D23DC5D2D0047DAE2 /* AppDelegate.swift in Sources */,
				8418B79F23DC5D2D0047DAE2 /* SceneDelegate.swift in Sources */,
				8418B7CD23DC63BE0047DAE2 /* MiCelda.swift in Sources */,
			);
			runOnlyForDeploymentPostprocessing = 0;
		};
		8418B7AB23DC5D2E0047DAE2 /* Sources */ = {
			isa = PBXSourcesBuildPhase;
			buildActionMask = 2147483647;
			files = (
				8418B7B423DC5D2E0047DAE2 /* TopArtistasJSONTests.swift in Sources */,
			);
			runOnlyForDeploymentPostprocessing = 0;
		};
		8418B7B623DC5D2E0047DAE2 /* Sources */ = {
			isa = PBXSourcesBuildPhase;
			buildActionMask = 2147483647;
			files = (
				8418B7BF23DC5D2E0047DAE2 /* TopArtistasJSONUITests.swift in Sources */,
			);
			runOnlyForDeploymentPostprocessing = 0;
		};
/* End PBXSourcesBuildPhase section */

/* Begin PBXTargetDependency section */
		8418B7B123DC5D2E0047DAE2 /* PBXTargetDependency */ = {
			isa = PBXTargetDependency;
			target = 8418B79823DC5D2D0047DAE2 /* TopArtistasJSON */;
			targetProxy = 8418B7B023DC5D2E0047DAE2 /* PBXContainerItemProxy */;
		};
		8418B7BC23DC5D2E0047DAE2 /* PBXTargetDependency */ = {
			isa = PBXTargetDependency;
			target = 8418B79823DC5D2D0047DAE2 /* TopArtistasJSON */;
			targetProxy = 8418B7BB23DC5D2E0047DAE2 /* PBXContainerItemProxy */;
		};
/* End PBXTargetDependency section */

/* Begin PBXVariantGroup section */
		8418B7A223DC5D2D0047DAE2 /* Main.storyboard */ = {
			isa = PBXVariantGroup;
			children = (
				8418B7A323DC5D2D0047DAE2 /* Base */,
			);
			name = Main.storyboard;
			sourceTree = "<group>";
		};
		8418B7A723DC5D2E0047DAE2 /* LaunchScreen.storyboard */ = {
			isa = PBXVariantGroup;
			children = (
				8418B7A823DC5D2E0047DAE2 /* Base */,
			);
			name = LaunchScreen.storyboard;
			sourceTree = "<group>";
		};
/* End PBXVariantGroup section */

/* Begin XCBuildConfiguration section */
		8418B7C123DC5D2E0047DAE2 /* Debug */ = {
			isa = XCBuildConfiguration;
			buildSettings = {
				ALWAYS_SEARCH_USER_PATHS = NO;
				CLANG_ANALYZER_NONNULL = YES;
				CLANG_ANALYZER_NUMBER_OBJECT_CONVERSION = YES_AGGRESSIVE;
				CLANG_CXX_LANGUAGE_STANDARD = "gnu++14";
				CLANG_CXX_LIBRARY = "libc++";
				CLANG_ENABLE_MODULES = YES;
				CLANG_ENABLE_OBJC_ARC = YES;
				CLANG_ENABLE_OBJC_WEAK = YES;
				CLANG_WARN_BLOCK_CAPTURE_AUTORELEASING = YES;
				CLANG_WARN_BOOL_CONVERSION = YES;
				CLANG_WARN_COMMA = YES;
				CLANG_WARN_CONSTANT_CONVERSION = YES;
				CLANG_WARN_DEPRECATED_OBJC_IMPLEMENTATIONS = YES;
				CLANG_WARN_DIRECT_OBJC_ISA_USAGE = YES_ERROR;
				CLANG_WARN_DOCUMENTATION_COMMENTS = YES;
				CLANG_WARN_EMPTY_BODY = YES;
				CLANG_WARN_ENUM_CONVERSION = YES;
				CLANG_WARN_INFINITE_RECURSION = YES;
				CLANG_WARN_INT_CONVERSION = YES;
				CLANG_WARN_NON_LITERAL_NULL_CONVERSION = YES;
				CLANG_WARN_OBJC_IMPLICIT_RETAIN_SELF = YES;
				CLANG_WARN_OBJC_LITERAL_CONVERSION = YES;
				CLANG_WARN_OBJC_ROOT_CLASS = YES_ERROR;
				CLANG_WARN_RANGE_LOOP_ANALYSIS = YES;
				CLANG_WARN_STRICT_PROTOTYPES = YES;
				CLANG_WARN_SUSPICIOUS_MOVE = YES;
				CLANG_WARN_UNGUARDED_AVAILABILITY = YES_AGGRESSIVE;
				CLANG_WARN_UNREACHABLE_CODE = YES;
				CLANG_WARN__DUPLICATE_METHOD_MATCH = YES;
				COPY_PHASE_STRIP = NO;
				DEBUG_INFORMATION_FORMAT = dwarf;
				ENABLE_STRICT_OBJC_MSGSEND = YES;
				ENABLE_TESTABILITY = YES;
				GCC_C_LANGUAGE_STANDARD = gnu11;
				GCC_DYNAMIC_NO_PIC = NO;
				GCC_NO_COMMON_BLOCKS = YES;
				GCC_OPTIMIZATION_LEVEL = 0;
				GCC_PREPROCESSOR_DEFINITIONS = (
					"DEBUG=1",
					"$(inherited)",
				);
				GCC_WARN_64_TO_32_BIT_CONVERSION = YES;
				GCC_WARN_ABOUT_RETURN_TYPE = YES_ERROR;
				GCC_WARN_UNDECLARED_SELECTOR = YES;
				GCC_WARN_UNINITIALIZED_AUTOS = YES_AGGRESSIVE;
				GCC_WARN_UNUSED_FUNCTION = YES;
				GCC_WARN_UNUSED_VARIABLE = YES;
				IPHONEOS_DEPLOYMENT_TARGET = 13.2;
				MTL_ENABLE_DEBUG_INFO = INCLUDE_SOURCE;
				MTL_FAST_MATH = YES;
				ONLY_ACTIVE_ARCH = YES;
				SDKROOT = iphoneos;
				SWIFT_ACTIVE_COMPILATION_CONDITIONS = DEBUG;
				SWIFT_OPTIMIZATION_LEVEL = "-Onone";
			};
			name = Debug;
		};
		8418B7C223DC5D2E0047DAE2 /* Release */ = {
			isa = XCBuildConfiguration;
			buildSettings = {
				ALWAYS_SEARCH_USER_PATHS = NO;
				CLANG_ANALYZER_NONNULL = YES;
				CLANG_ANALYZER_NUMBER_OBJECT_CONVERSION = YES_AGGRESSIVE;
				CLANG_CXX_LANGUAGE_STANDARD = "gnu++14";
				CLANG_CXX_LIBRARY = "libc++";
				CLANG_ENABLE_MODULES = YES;
				CLANG_ENABLE_OBJC_ARC = YES;
				CLANG_ENABLE_OBJC_WEAK = YES;
				CLANG_WARN_BLOCK_CAPTURE_AUTORELEASING = YES;
				CLANG_WARN_BOOL_CONVERSION = YES;
				CLANG_WARN_COMMA = YES;
				CLANG_WARN_CONSTANT_CONVERSION = YES;
				CLANG_WARN_DEPRECATED_OBJC_IMPLEMENTATIONS = YES;
				CLANG_WARN_DIRECT_OBJC_ISA_USAGE = YES_ERROR;
				CLANG_WARN_DOCUMENTATION_COMMENTS = YES;
				CLANG_WARN_EMPTY_BODY = YES;
				CLANG_WARN_ENUM_CONVERSION = YES;
				CLANG_WARN_INFINITE_RECURSION = YES;
				CLANG_WARN_INT_CONVERSION = YES;
				CLANG_WARN_NON_LITERAL_NULL_CONVERSION = YES;
				CLANG_WARN_OBJC_IMPLICIT_RETAIN_SELF = YES;
				CLANG_WARN_OBJC_LITERAL_CONVERSION = YES;
				CLANG_WARN_OBJC_ROOT_CLASS = YES_ERROR;
				CLANG_WARN_RANGE_LOOP_ANALYSIS = YES;
				CLANG_WARN_STRICT_PROTOTYPES = YES;
				CLANG_WARN_SUSPICIOUS_MOVE = YES;
				CLANG_WARN_UNGUARDED_AVAILABILITY = YES_AGGRESSIVE;
				CLANG_WARN_UNREACHABLE_CODE = YES;
				CLANG_WARN__DUPLICATE_METHOD_MATCH = YES;
				COPY_PHASE_STRIP = NO;
				DEBUG_INFORMATION_FORMAT = "dwarf-with-dsym";
				ENABLE_NS_ASSERTIONS = NO;
				ENABLE_STRICT_OBJC_MSGSEND = YES;
				GCC_C_LANGUAGE_STANDARD = gnu11;
				GCC_NO_COMMON_BLOCKS = YES;
				GCC_WARN_64_TO_32_BIT_CONVERSION = YES;
				GCC_WARN_ABOUT_RETURN_TYPE = YES_ERROR;
				GCC_WARN_UNDECLARED_SELECTOR = YES;
				GCC_WARN_UNINITIALIZED_AUTOS = YES_AGGRESSIVE;
				GCC_WARN_UNUSED_FUNCTION = YES;
				GCC_WARN_UNUSED_VARIABLE = YES;
				IPHONEOS_DEPLOYMENT_TARGET = 13.2;
				MTL_ENABLE_DEBUG_INFO = NO;
				MTL_FAST_MATH = YES;
				SDKROOT = iphoneos;
				SWIFT_COMPILATION_MODE = wholemodule;
				SWIFT_OPTIMIZATION_LEVEL = "-O";
				VALIDATE_PRODUCT = YES;
			};
			name = Release;
		};
		8418B7C423DC5D2E0047DAE2 /* Debug */ = {
			isa = XCBuildConfiguration;
			buildSettings = {
				ASSETCATALOG_COMPILER_APPICON_NAME = AppIcon;
				CODE_SIGN_STYLE = Automatic;
				DEVELOPMENT_TEAM = M6LAC6TM48;
				INFOPLIST_FILE = TopArtistasJSON/Info.plist;
				LD_RUNPATH_SEARCH_PATHS = (
					"$(inherited)",
					"@executable_path/Frameworks",
				);
				PRODUCT_BUNDLE_IDENTIFIER = net.azarquiel.TopArtistasJSON;
				PRODUCT_NAME = "$(TARGET_NAME)";
				SWIFT_VERSION = 5.0;
				TARGETED_DEVICE_FAMILY = "1,2";
			};
			name = Debug;
		};
		8418B7C523DC5D2E0047DAE2 /* Release */ = {
			isa = XCBuildConfiguration;
			buildSettings = {
				ASSETCATALOG_COMPILER_APPICON_NAME = AppIcon;
				CODE_SIGN_STYLE = Automatic;
				DEVELOPMENT_TEAM = M6LAC6TM48;
				INFOPLIST_FILE = TopArtistasJSON/Info.plist;
				LD_RUNPATH_SEARCH_PATHS = (
					"$(inherited)",
					"@executable_path/Frameworks",
				);
				PRODUCT_BUNDLE_IDENTIFIER = net.azarquiel.TopArtistasJSON;
				PRODUCT_NAME = "$(TARGET_NAME)";
				SWIFT_VERSION = 5.0;
				TARGETED_DEVICE_FAMILY = "1,2";
			};
			name = Release;
		};
		8418B7C723DC5D2E0047DAE2 /* Debug */ = {
			isa = XCBuildConfiguration;
			buildSettings = {
				ALWAYS_EMBED_SWIFT_STANDARD_LIBRARIES = YES;
				BUNDLE_LOADER = "$(TEST_HOST)";
				CODE_SIGN_STYLE = Automatic;
				DEVELOPMENT_TEAM = M6LAC6TM48;
				INFOPLIST_FILE = TopArtistasJSONTests/Info.plist;
				IPHONEOS_DEPLOYMENT_TARGET = 13.2;
				LD_RUNPATH_SEARCH_PATHS = (
					"$(inherited)",
					"@executable_path/Frameworks",
					"@loader_path/Frameworks",
				);
				PRODUCT_BUNDLE_IDENTIFIER = net.azarquiel.TopArtistasJSONTests;
				PRODUCT_NAME = "$(TARGET_NAME)";
				SWIFT_VERSION = 5.0;
				TARGETED_DEVICE_FAMILY = "1,2";
				TEST_HOST = "$(BUILT_PRODUCTS_DIR)/TopArtistasJSON.app/TopArtistasJSON";
			};
			name = Debug;
		};
		8418B7C823DC5D2E0047DAE2 /* Release */ = {
			isa = XCBuildConfiguration;
			buildSettings = {
				ALWAYS_EMBED_SWIFT_STANDARD_LIBRARIES = YES;
				BUNDLE_LOADER = "$(TEST_HOST)";
				CODE_SIGN_STYLE = Automatic;
				DEVELOPMENT_TEAM = M6LAC6TM48;
				INFOPLIST_FILE = TopArtistasJSONTests/Info.plist;
				IPHONEOS_DEPLOYMENT_TARGET = 13.2;
				LD_RUNPATH_SEARCH_PATHS = (
					"$(inherited)",
					"@executable_path/Frameworks",
					"@loader_path/Frameworks",
				);
				PRODUCT_BUNDLE_IDENTIFIER = net.azarquiel.TopArtistasJSONTests;
				PRODUCT_NAME = "$(TARGET_NAME)";
				SWIFT_VERSION = 5.0;
				TARGETED_DEVICE_FAMILY = "1,2";
				TEST_HOST = "$(BUILT_PRODUCTS_DIR)/TopArtistasJSON.app/TopArtistasJSON";
			};
			name = Release;
		};
		8418B7CA23DC5D2E0047DAE2 /* Debug */ = {
			isa = XCBuildConfiguration;
			buildSettings = {
				ALWAYS_EMBED_SWIFT_STANDARD_LIBRARIES = YES;
				CODE_SIGN_STYLE = Automatic;
				DEVELOPMENT_TEAM = M6LAC6TM48;
				INFOPLIST_FILE = TopArtistasJSONUITests/Info.plist;
				LD_RUNPATH_SEARCH_PATHS = (
					"$(inherited)",
					"@executable_path/Frameworks",
					"@loader_path/Frameworks",
				);
				PRODUCT_BUNDLE_IDENTIFIER = net.azarquiel.TopArtistasJSONUITests;
				PRODUCT_NAME = "$(TARGET_NAME)";
				SWIFT_VERSION = 5.0;
				TARGETED_DEVICE_FAMILY = "1,2";
				TEST_TARGET_NAME = TopArtistasJSON;
			};
			name = Debug;
		};
		8418B7CB23DC5D2E0047DAE2 /* Release */ = {
			isa = XCBuildConfiguration;
			buildSettings = {
				ALWAYS_EMBED_SWIFT_STANDARD_LIBRARIES = YES;
				CODE_SIGN_STYLE = Automatic;
				DEVELOPMENT_TEAM = M6LAC6TM48;
				INFOPLIST_FILE = TopArtistasJSONUITests/Info.plist;
				LD_RUNPATH_SEARCH_PATHS = (
					"$(inherited)",
					"@executable_path/Frameworks",
					"@loader_path/Frameworks",
				);
				PRODUCT_BUNDLE_IDENTIFIER = net.azarquiel.TopArtistasJSONUITests;
				PRODUCT_NAME = "$(TARGET_NAME)";
				SWIFT_VERSION = 5.0;
				TARGETED_DEVICE_FAMILY = "1,2";
				TEST_TARGET_NAME = TopArtistasJSON;
			};
			name = Release;
		};
/* End XCBuildConfiguration section */

/* Begin XCConfigurationList section */
		8418B79423DC5D2D0047DAE2 /* Build configuration list for PBXProject "TopArtistasJSON" */ = {
			isa = XCConfigurationList;
			buildConfigurations = (
				8418B7C123DC5D2E0047DAE2 /* Debug */,
				8418B7C223DC5D2E0047DAE2 /* Release */,
			);
			defaultConfigurationIsVisible = 0;
			defaultConfigurationName = Release;
		};
		8418B7C323DC5D2E0047DAE2 /* Build configuration list for PBXNativeTarget "TopArtistasJSON" */ = {
			isa = XCConfigurationList;
			buildConfigurations = (
				8418B7C423DC5D2E0047DAE2 /* Debug */,
				8418B7C523DC5D2E0047DAE2 /* Release */,
			);
			defaultConfigurationIsVisible = 0;
			defaultConfigurationName = Release;
		};
		8418B7C623DC5D2E0047DAE2 /* Build configuration list for PBXNativeTarget "TopArtistasJSONTests" */ = {
			isa = XCConfigurationList;
			buildConfigurations = (
				8418B7C723DC5D2E0047DAE2 /* Debug */,
				8418B7C823DC5D2E0047DAE2 /* Release */,
			);
			defaultConfigurationIsVisible = 0;
			defaultConfigurationName = Release;
		};
		8418B7C923DC5D2E0047DAE2 /* Build configuration list for PBXNativeTarget "TopArtistasJSONUITests" */ = {
			isa = XCConfigurationList;
			buildConfigurations = (
				8418B7CA23DC5D2E0047DAE2 /* Debug */,
				8418B7CB23DC5D2E0047DAE2 /* Release */,
			);
			defaultConfigurationIsVisible = 0;
			defaultConfigurationName = Release;
		};
/* End XCConfigurationList section */
	};
	rootObject = 8418B79123DC5D2D0047DAE2 /* Project object */;
}
